{
  "name": "asmx-g2",
  "version": "1.0.0",
  "lockfileVersion": 3,
  "requires": true,
  "packages": {
    "": {
      "name": "asmx-g2",
      "version": "1.0.0",
      "hasInstallScript": true,
      "license": "MIT",
      "dependencies": {
        "llvm.js": "^1.0.9"
      }
    },
    "node_modules/llvm.js": {
      "version": "1.2.13",
      "resolved": "https://registry.npmjs.org/llvm.js/-/llvm.js-1.2.13.tgz",
      "integrity": "sha512-CVs4PXPBdDTH9ib6MRm1Bt3fvOtWeh/FQIHEUHCvJ74OPll1XBSFBaOhXaoOz/sAlxckT7E6ibqUx50eKl8Cfg=="
    }
  }
}
